// !$*UTF8*$!
{
	archiveVersion = 1;
	classes = {
	};
	objectVersion = 51;
	objects = {

/* Begin PBXBuildFile section */
		572103F2936EC491429BC003 /* Pods_NewsApp.framework in Frameworks */ = {isa = PBXBuildFile; fileRef = 4FBD271528B3167428270A03 /* Pods_NewsApp.framework */; };
		DE57940A2410211C00341DFC /* AppDelegate.swift in Sources */ = {isa = PBXBuildFile; fileRef = DE5794092410211C00341DFC /* AppDelegate.swift */; };
		DE5794112410211C00341DFC /* Main.storyboard in Resources */ = {isa = PBXBuildFile; fileRef = DE57940F2410211C00341DFC /* Main.storyboard */; };
		DE5794142410211C00341DFC /* NewsApp.xcdatamodeld in Sources */ = {isa = PBXBuildFile; fileRef = DE5794122410211C00341DFC /* NewsApp.xcdatamodeld */; };
		DE5794162410211E00341DFC /* Assets.xcassets in Resources */ = {isa = PBXBuildFile; fileRef = DE5794152410211E00341DFC /* Assets.xcassets */; };
		DE5794192410211E00341DFC /* LaunchScreen.storyboard in Resources */ = {isa = PBXBuildFile; fileRef = DE5794172410211E00341DFC /* LaunchScreen.storyboard */; };
		DE579422241022A400341DFC /* Storyboards.swift in Sources */ = {isa = PBXBuildFile; fileRef = DE579421241022A400341DFC /* Storyboards.swift */; };
		DE57942B2410264300341DFC /* BaseAPIService.swift in Sources */ = {isa = PBXBuildFile; fileRef = DE57942A2410264300341DFC /* BaseAPIService.swift */; };
		DE57942D2410267B00341DFC /* Endpointed.swift in Sources */ = {isa = PBXBuildFile; fileRef = DE57942C2410267B00341DFC /* Endpointed.swift */; };
		DE57942F241026A000341DFC /* Dictionary+Merge.swift in Sources */ = {isa = PBXBuildFile; fileRef = DE57942E241026A000341DFC /* Dictionary+Merge.swift */; };
		DE579433241026F400341DFC /* HTTPMethod+HTTPSchema.swift in Sources */ = {isa = PBXBuildFile; fileRef = DE579432241026F400341DFC /* HTTPMethod+HTTPSchema.swift */; };
		DE5794372410277500341DFC /* Error+code.swift in Sources */ = {isa = PBXBuildFile; fileRef = DE5794362410277500341DFC /* Error+code.swift */; };
		DE579439241028D600341DFC /* BaseServiceError.swift in Sources */ = {isa = PBXBuildFile; fileRef = DE579438241028D600341DFC /* BaseServiceError.swift */; };
		DE57943D2410295700341DFC /* NewsAPIConstants.swift in Sources */ = {isa = PBXBuildFile; fileRef = DE57943C2410295700341DFC /* NewsAPIConstants.swift */; };
		DE57943F24102ED200341DFC /* ArticlesRemoteService.swift in Sources */ = {isa = PBXBuildFile; fileRef = DE57943E24102ED200341DFC /* ArticlesRemoteService.swift */; };
		DE5794412410307C00341DFC /* ArticlesRemoteServiceProtocol.swift in Sources */ = {isa = PBXBuildFile; fileRef = DE5794402410307C00341DFC /* ArticlesRemoteServiceProtocol.swift */; };
		DE57944424103B3900341DFC /* Article.swift in Sources */ = {isa = PBXBuildFile; fileRef = DE57944324103B3900341DFC /* Article.swift */; };
		DE57944624103B6700341DFC /* Source.swift in Sources */ = {isa = PBXBuildFile; fileRef = DE57944524103B6700341DFC /* Source.swift */; };
		DE5794492410411500341DFC /* AppStartupRoute.swift in Sources */ = {isa = PBXBuildFile; fileRef = DE5794482410411500341DFC /* AppStartupRoute.swift */; };
		DE57944B2410417D00341DFC /* AppStartupCoordinator.swift in Sources */ = {isa = PBXBuildFile; fileRef = DE57944A2410417D00341DFC /* AppStartupCoordinator.swift */; };
		DE57944D241043CC00341DFC /* BindableType.swift in Sources */ = {isa = PBXBuildFile; fileRef = DE57944C241043CC00341DFC /* BindableType.swift */; };
		DE5794522410464200341DFC /* ArticleCell.swift in Sources */ = {isa = PBXBuildFile; fileRef = DE5794502410464200341DFC /* ArticleCell.swift */; };
		DE5794532410464200341DFC /* ArticleCell.xib in Resources */ = {isa = PBXBuildFile; fileRef = DE5794512410464200341DFC /* ArticleCell.xib */; };
		DE57945624104CEF00341DFC /* ArticlesWrapper.swift in Sources */ = {isa = PBXBuildFile; fileRef = DE57945524104CEF00341DFC /* ArticlesWrapper.swift */; };
		DE57945924105B0B00341DFC /* CoreDataManager.swift in Sources */ = {isa = PBXBuildFile; fileRef = DE57945824105B0B00341DFC /* CoreDataManager.swift */; };
		DE57945C2410632D00341DFC /* ArticlesLocalService.swift in Sources */ = {isa = PBXBuildFile; fileRef = DE57945B2410632D00341DFC /* ArticlesLocalService.swift */; };
		DE57945E2410694200341DFC /* ArticlesViewController.swift in Sources */ = {isa = PBXBuildFile; fileRef = DE57945D2410694200341DFC /* ArticlesViewController.swift */; };
		DE579460241069A800341DFC /* ArticlesViewModelProtocols.swift in Sources */ = {isa = PBXBuildFile; fileRef = DE57945F241069A800341DFC /* ArticlesViewModelProtocols.swift */; };
		DE57946224106ABA00341DFC /* UIView+typeName.swift in Sources */ = {isa = PBXBuildFile; fileRef = DE57946124106ABA00341DFC /* UIView+typeName.swift */; };
		DE57946524106C6300341DFC /* ArticleViewModel.swift in Sources */ = {isa = PBXBuildFile; fileRef = DE57946424106C6300341DFC /* ArticleViewModel.swift */; };
		DE5794672410723900341DFC /* ArticlesViewModel.swift in Sources */ = {isa = PBXBuildFile; fileRef = DE5794662410723900341DFC /* ArticlesViewModel.swift */; };
		DE57946B2410735300341DFC /* ArticlesRepository.swift in Sources */ = {isa = PBXBuildFile; fileRef = DE57946A2410735300341DFC /* ArticlesRepository.swift */; };
		DE57946D24108A8000341DFC /* DateConverter.swift in Sources */ = {isa = PBXBuildFile; fileRef = DE57946C24108A8000341DFC /* DateConverter.swift */; };
/* End PBXBuildFile section */

/* Begin PBXFileReference section */
		018B4D9C3CF43169BA7D430E /* Pods-NewsApp.release.xcconfig */ = {isa = PBXFileReference; includeInIndex = 1; lastKnownFileType = text.xcconfig; name = "Pods-NewsApp.release.xcconfig"; path = "Target Support Files/Pods-NewsApp/Pods-NewsApp.release.xcconfig"; sourceTree = "<group>"; };
		4FBD271528B3167428270A03 /* Pods_NewsApp.framework */ = {isa = PBXFileReference; explicitFileType = wrapper.framework; includeInIndex = 0; path = Pods_NewsApp.framework; sourceTree = BUILT_PRODUCTS_DIR; };
		5571343EB0124B3CBE54F879 /* Pods-NewsApp.debug.xcconfig */ = {isa = PBXFileReference; includeInIndex = 1; lastKnownFileType = text.xcconfig; name = "Pods-NewsApp.debug.xcconfig"; path = "Target Support Files/Pods-NewsApp/Pods-NewsApp.debug.xcconfig"; sourceTree = "<group>"; };
		DE5794062410211C00341DFC /* NewsApp.app */ = {isa = PBXFileReference; explicitFileType = wrapper.application; includeInIndex = 0; path = NewsApp.app; sourceTree = BUILT_PRODUCTS_DIR; };
		DE5794092410211C00341DFC /* AppDelegate.swift */ = {isa = PBXFileReference; lastKnownFileType = sourcecode.swift; path = AppDelegate.swift; sourceTree = "<group>"; };
		DE5794102410211C00341DFC /* Base */ = {isa = PBXFileReference; lastKnownFileType = file.storyboard; name = Base; path = Base.lproj/Main.storyboard; sourceTree = "<group>"; };
		DE5794132410211C00341DFC /* NewsApp.xcdatamodel */ = {isa = PBXFileReference; lastKnownFileType = wrapper.xcdatamodel; path = NewsApp.xcdatamodel; sourceTree = "<group>"; };
		DE5794152410211E00341DFC /* Assets.xcassets */ = {isa = PBXFileReference; lastKnownFileType = folder.assetcatalog; path = Assets.xcassets; sourceTree = "<group>"; };
		DE5794182410211E00341DFC /* Base */ = {isa = PBXFileReference; lastKnownFileType = file.storyboard; name = Base; path = Base.lproj/LaunchScreen.storyboard; sourceTree = "<group>"; };
		DE57941A2410211E00341DFC /* Info.plist */ = {isa = PBXFileReference; lastKnownFileType = text.plist.xml; path = Info.plist; sourceTree = "<group>"; };
		DE579421241022A400341DFC /* Storyboards.swift */ = {isa = PBXFileReference; lastKnownFileType = sourcecode.swift; path = Storyboards.swift; sourceTree = "<group>"; };
		DE57942A2410264300341DFC /* BaseAPIService.swift */ = {isa = PBXFileReference; lastKnownFileType = sourcecode.swift; path = BaseAPIService.swift; sourceTree = "<group>"; };
		DE57942C2410267B00341DFC /* Endpointed.swift */ = {isa = PBXFileReference; lastKnownFileType = sourcecode.swift; path = Endpointed.swift; sourceTree = "<group>"; };
		DE57942E241026A000341DFC /* Dictionary+Merge.swift */ = {isa = PBXFileReference; lastKnownFileType = sourcecode.swift; path = "Dictionary+Merge.swift"; sourceTree = "<group>"; };
		DE579432241026F400341DFC /* HTTPMethod+HTTPSchema.swift */ = {isa = PBXFileReference; lastKnownFileType = sourcecode.swift; path = "HTTPMethod+HTTPSchema.swift"; sourceTree = "<group>"; };
		DE5794362410277500341DFC /* Error+code.swift */ = {isa = PBXFileReference; lastKnownFileType = sourcecode.swift; path = "Error+code.swift"; sourceTree = "<group>"; };
		DE579438241028D600341DFC /* BaseServiceError.swift */ = {isa = PBXFileReference; lastKnownFileType = sourcecode.swift; path = BaseServiceError.swift; sourceTree = "<group>"; };
		DE57943C2410295700341DFC /* NewsAPIConstants.swift */ = {isa = PBXFileReference; lastKnownFileType = sourcecode.swift; path = NewsAPIConstants.swift; sourceTree = "<group>"; };
		DE57943E24102ED200341DFC /* ArticlesRemoteService.swift */ = {isa = PBXFileReference; lastKnownFileType = sourcecode.swift; path = ArticlesRemoteService.swift; sourceTree = "<group>"; };
		DE5794402410307C00341DFC /* ArticlesRemoteServiceProtocol.swift */ = {isa = PBXFileReference; lastKnownFileType = sourcecode.swift; path = ArticlesRemoteServiceProtocol.swift; sourceTree = "<group>"; };
		DE57944324103B3900341DFC /* Article.swift */ = {isa = PBXFileReference; lastKnownFileType = sourcecode.swift; path = Article.swift; sourceTree = "<group>"; };
		DE57944524103B6700341DFC /* Source.swift */ = {isa = PBXFileReference; lastKnownFileType = sourcecode.swift; path = Source.swift; sourceTree = "<group>"; };
		DE5794482410411500341DFC /* AppStartupRoute.swift */ = {isa = PBXFileReference; lastKnownFileType = sourcecode.swift; path = AppStartupRoute.swift; sourceTree = "<group>"; };
		DE57944A2410417D00341DFC /* AppStartupCoordinator.swift */ = {isa = PBXFileReference; lastKnownFileType = sourcecode.swift; path = AppStartupCoordinator.swift; sourceTree = "<group>"; };
		DE57944C241043CC00341DFC /* BindableType.swift */ = {isa = PBXFileReference; lastKnownFileType = sourcecode.swift; path = BindableType.swift; sourceTree = "<group>"; };
		DE5794502410464200341DFC /* ArticleCell.swift */ = {isa = PBXFileReference; lastKnownFileType = sourcecode.swift; path = ArticleCell.swift; sourceTree = "<group>"; };
		DE5794512410464200341DFC /* ArticleCell.xib */ = {isa = PBXFileReference; lastKnownFileType = file.xib; path = ArticleCell.xib; sourceTree = "<group>"; };
		DE57945524104CEF00341DFC /* ArticlesWrapper.swift */ = {isa = PBXFileReference; lastKnownFileType = sourcecode.swift; path = ArticlesWrapper.swift; sourceTree = "<group>"; };
		DE57945824105B0B00341DFC /* CoreDataManager.swift */ = {isa = PBXFileReference; lastKnownFileType = sourcecode.swift; path = CoreDataManager.swift; sourceTree = "<group>"; };
		DE57945B2410632D00341DFC /* ArticlesLocalService.swift */ = {isa = PBXFileReference; lastKnownFileType = sourcecode.swift; path = ArticlesLocalService.swift; sourceTree = "<group>"; };
		DE57945D2410694200341DFC /* ArticlesViewController.swift */ = {isa = PBXFileReference; lastKnownFileType = sourcecode.swift; path = ArticlesViewController.swift; sourceTree = "<group>"; };
		DE57945F241069A800341DFC /* ArticlesViewModelProtocols.swift */ = {isa = PBXFileReference; lastKnownFileType = sourcecode.swift; path = ArticlesViewModelProtocols.swift; sourceTree = "<group>"; };
		DE57946124106ABA00341DFC /* UIView+typeName.swift */ = {isa = PBXFileReference; lastKnownFileType = sourcecode.swift; path = "UIView+typeName.swift"; sourceTree = "<group>"; };
		DE57946424106C6300341DFC /* ArticleViewModel.swift */ = {isa = PBXFileReference; lastKnownFileType = sourcecode.swift; path = ArticleViewModel.swift; sourceTree = "<group>"; };
		DE5794662410723900341DFC /* ArticlesViewModel.swift */ = {isa = PBXFileReference; lastKnownFileType = sourcecode.swift; path = ArticlesViewModel.swift; sourceTree = "<group>"; };
		DE57946A2410735300341DFC /* ArticlesRepository.swift */ = {isa = PBXFileReference; lastKnownFileType = sourcecode.swift; path = ArticlesRepository.swift; sourceTree = "<group>"; };
		DE57946C24108A8000341DFC /* DateConverter.swift */ = {isa = PBXFileReference; lastKnownFileType = sourcecode.swift; path = DateConverter.swift; sourceTree = "<group>"; };
/* End PBXFileReference section */

/* Begin PBXFrameworksBuildPhase section */
		DE5794032410211C00341DFC /* Frameworks */ = {
			isa = PBXFrameworksBuildPhase;
			buildActionMask = 2147483647;
			files = (
				572103F2936EC491429BC003 /* Pods_NewsApp.framework in Frameworks */,
			);
			runOnlyForDeploymentPostprocessing = 0;
		};
/* End PBXFrameworksBuildPhase section */

/* Begin PBXGroup section */
		0E9BE55FDE0DC2A75DA08045 /* Frameworks */ = {
			isa = PBXGroup;
			children = (
				4FBD271528B3167428270A03 /* Pods_NewsApp.framework */,
			);
			name = Frameworks;
			sourceTree = "<group>";
		};
		3B26E3DDE5E9213336853AD9 /* Pods */ = {
			isa = PBXGroup;
			children = (
				5571343EB0124B3CBE54F879 /* Pods-NewsApp.debug.xcconfig */,
				018B4D9C3CF43169BA7D430E /* Pods-NewsApp.release.xcconfig */,
			);
			path = Pods;
			sourceTree = "<group>";
		};
		DE5793FD2410211C00341DFC = {
			isa = PBXGroup;
			children = (
				DE5794082410211C00341DFC /* NewsApp */,
				DE5794072410211C00341DFC /* Products */,
				3B26E3DDE5E9213336853AD9 /* Pods */,
				0E9BE55FDE0DC2A75DA08045 /* Frameworks */,
			);
			sourceTree = "<group>";
		};
		DE5794072410211C00341DFC /* Products */ = {
			isa = PBXGroup;
			children = (
				DE5794062410211C00341DFC /* NewsApp.app */,
			);
			name = Products;
			sourceTree = "<group>";
		};
		DE5794082410211C00341DFC /* NewsApp */ = {
			isa = PBXGroup;
			children = (
				DE5794682410733400341DFC /* Persistence */,
				DE57944E241043E800341DFC /* Modules */,
				DE579447241040FA00341DFC /* Coordinator */,
				DE57944224103B0700341DFC /* Model */,
				DE5794202410229200341DFC /* Library */,
				DE5794092410211C00341DFC /* AppDelegate.swift */,
				DE57940F2410211C00341DFC /* Main.storyboard */,
				DE5794152410211E00341DFC /* Assets.xcassets */,
				DE5794172410211E00341DFC /* LaunchScreen.storyboard */,
				DE57941A2410211E00341DFC /* Info.plist */,
			);
			path = NewsApp;
			sourceTree = "<group>";
		};
		DE5794202410229200341DFC /* Library */ = {
			isa = PBXGroup;
			children = (
				DE579421241022A400341DFC /* Storyboards.swift */,
				DE57942E241026A000341DFC /* Dictionary+Merge.swift */,
				DE5794362410277500341DFC /* Error+code.swift */,
				DE57944C241043CC00341DFC /* BindableType.swift */,
				DE57946124106ABA00341DFC /* UIView+typeName.swift */,
				DE57946C24108A8000341DFC /* DateConverter.swift */,
			);
			path = Library;
			sourceTree = "<group>";
		};
		DE579423241023BE00341DFC /* BaseService */ = {
			isa = PBXGroup;
			children = (
				DE57942A2410264300341DFC /* BaseAPIService.swift */,
				DE57942C2410267B00341DFC /* Endpointed.swift */,
				DE579432241026F400341DFC /* HTTPMethod+HTTPSchema.swift */,
				DE579438241028D600341DFC /* BaseServiceError.swift */,
			);
			path = BaseService;
			sourceTree = "<group>";
		};
		DE57943A2410292500341DFC /* RemoteDataSource */ = {
			isa = PBXGroup;
			children = (
				DE57943B2410293A00341DFC /* NewsAPIClient */,
				DE579423241023BE00341DFC /* BaseService */,
			);
			path = RemoteDataSource;
			sourceTree = "<group>";
		};
		DE57943B2410293A00341DFC /* NewsAPIClient */ = {
			isa = PBXGroup;
			children = (
				DE57945424104CDF00341DFC /* DTO */,
				DE57943C2410295700341DFC /* NewsAPIConstants.swift */,
				DE5794402410307C00341DFC /* ArticlesRemoteServiceProtocol.swift */,
				DE57943E24102ED200341DFC /* ArticlesRemoteService.swift */,
			);
			path = NewsAPIClient;
			sourceTree = "<group>";
		};
		DE57944224103B0700341DFC /* Model */ = {
			isa = PBXGroup;
			children = (
				DE57945724105AF100341DFC /* CoreData */,
				DE57944324103B3900341DFC /* Article.swift */,
				DE57944524103B6700341DFC /* Source.swift */,
			);
			path = Model;
			sourceTree = "<group>";
		};
		DE579447241040FA00341DFC /* Coordinator */ = {
			isa = PBXGroup;
			children = (
				DE5794482410411500341DFC /* AppStartupRoute.swift */,
				DE57944A2410417D00341DFC /* AppStartupCoordinator.swift */,
			);
			path = Coordinator;
			sourceTree = "<group>";
		};
		DE57944E241043E800341DFC /* Modules */ = {
			isa = PBXGroup;
			children = (
				DE57946324106B1800341DFC /* ArticleCell */,
				DE57944F241043F400341DFC /* Articles */,
			);
			path = Modules;
			sourceTree = "<group>";
		};
		DE57944F241043F400341DFC /* Articles */ = {
			isa = PBXGroup;
			children = (
				DE57945D2410694200341DFC /* ArticlesViewController.swift */,
				DE57945F241069A800341DFC /* ArticlesViewModelProtocols.swift */,
				DE5794662410723900341DFC /* ArticlesViewModel.swift */,
			);
			path = Articles;
			sourceTree = "<group>";
		};
		DE57945424104CDF00341DFC /* DTO */ = {
			isa = PBXGroup;
			children = (
				DE57945524104CEF00341DFC /* ArticlesWrapper.swift */,
			);
			path = DTO;
			sourceTree = "<group>";
		};
		DE57945724105AF100341DFC /* CoreData */ = {
			isa = PBXGroup;
			children = (
				DE5794122410211C00341DFC /* NewsApp.xcdatamodeld */,
				DE57945824105B0B00341DFC /* CoreDataManager.swift */,
			);
			path = CoreData;
			sourceTree = "<group>";
		};
		DE57945A241062F400341DFC /* LocalDataSource */ = {
			isa = PBXGroup;
			children = (
				DE57945B2410632D00341DFC /* ArticlesLocalService.swift */,
			);
			path = LocalDataSource;
			sourceTree = "<group>";
		};
		DE57946324106B1800341DFC /* ArticleCell */ = {
			isa = PBXGroup;
			children = (
				DE5794502410464200341DFC /* ArticleCell.swift */,
				DE5794512410464200341DFC /* ArticleCell.xib */,
				DE57946424106C6300341DFC /* ArticleViewModel.swift */,
			);
			path = ArticleCell;
			sourceTree = "<group>";
		};
		DE5794682410733400341DFC /* Persistence */ = {
			isa = PBXGroup;
			children = (
				DE5794692410734100341DFC /* Repository */,
				DE57945A241062F400341DFC /* LocalDataSource */,
				DE57943A2410292500341DFC /* RemoteDataSource */,
			);
			path = Persistence;
			sourceTree = "<group>";
		};
		DE5794692410734100341DFC /* Repository */ = {
			isa = PBXGroup;
			children = (
				DE57946A2410735300341DFC /* ArticlesRepository.swift */,
			);
			path = Repository;
			sourceTree = "<group>";
		};
/* End PBXGroup section */

/* Begin PBXNativeTarget section */
		DE5794052410211C00341DFC /* NewsApp */ = {
			isa = PBXNativeTarget;
			buildConfigurationList = DE57941D2410211E00341DFC /* Build configuration list for PBXNativeTarget "NewsApp" */;
			buildPhases = (
				2FF12F1461817ECD28B6D914 /* [CP] Check Pods Manifest.lock */,
				DE5794022410211C00341DFC /* Sources */,
				DE5794032410211C00341DFC /* Frameworks */,
				DE5794042410211C00341DFC /* Resources */,
				1C57DF1AF047A20469520FD0 /* [CP] Embed Pods Frameworks */,
			);
			buildRules = (
			);
			dependencies = (
			);
			name = NewsApp;
			productName = NewsApp;
			productReference = DE5794062410211C00341DFC /* NewsApp.app */;
			productType = "com.apple.product-type.application";
		};
/* End PBXNativeTarget section */

/* Begin PBXProject section */
		DE5793FE2410211C00341DFC /* Project object */ = {
			isa = PBXProject;
			attributes = {
				LastSwiftUpdateCheck = 1110;
				LastUpgradeCheck = 1110;
				ORGANIZATIONNAME = "Ahmed Madian";
				TargetAttributes = {
					DE5794052410211C00341DFC = {
						CreatedOnToolsVersion = 11.1;
					};
				};
			};
			buildConfigurationList = DE5794012410211C00341DFC /* Build configuration list for PBXProject "NewsApp" */;
			compatibilityVersion = "Xcode 9.3";
			developmentRegion = en;
			hasScannedForEncodings = 0;
			knownRegions = (
				en,
				Base,
			);
			mainGroup = DE5793FD2410211C00341DFC;
			productRefGroup = DE5794072410211C00341DFC /* Products */;
			projectDirPath = "";
			projectRoot = "";
			targets = (
				DE5794052410211C00341DFC /* NewsApp */,
			);
		};
/* End PBXProject section */

/* Begin PBXResourcesBuildPhase section */
		DE5794042410211C00341DFC /* Resources */ = {
			isa = PBXResourcesBuildPhase;
			buildActionMask = 2147483647;
			files = (
				DE5794532410464200341DFC /* ArticleCell.xib in Resources */,
				DE5794192410211E00341DFC /* LaunchScreen.storyboard in Resources */,
				DE5794162410211E00341DFC /* Assets.xcassets in Resources */,
				DE5794112410211C00341DFC /* Main.storyboard in Resources */,
			);
			runOnlyForDeploymentPostprocessing = 0;
		};
/* End PBXResourcesBuildPhase section */

/* Begin PBXShellScriptBuildPhase section */
		1C57DF1AF047A20469520FD0 /* [CP] Embed Pods Frameworks */ = {
			isa = PBXShellScriptBuildPhase;
			buildActionMask = 2147483647;
			files = (
			);
			inputFileListPaths = (
				"${PODS_ROOT}/Target Support Files/Pods-NewsApp/Pods-NewsApp-frameworks-${CONFIGURATION}-input-files.xcfilelist",
			);
			name = "[CP] Embed Pods Frameworks";
			outputFileListPaths = (
				"${PODS_ROOT}/Target Support Files/Pods-NewsApp/Pods-NewsApp-frameworks-${CONFIGURATION}-output-files.xcfilelist",
			);
			runOnlyForDeploymentPostprocessing = 0;
			shellPath = /bin/sh;
			shellScript = "\"${PODS_ROOT}/Target Support Files/Pods-NewsApp/Pods-NewsApp-frameworks.sh\"\n";
			showEnvVarsInLog = 0;
		};
		2FF12F1461817ECD28B6D914 /* [CP] Check Pods Manifest.lock */ = {
			isa = PBXShellScriptBuildPhase;
			buildActionMask = 2147483647;
			files = (
			);
			inputFileListPaths = (
			);
			inputPaths = (
				"${PODS_PODFILE_DIR_PATH}/Podfile.lock",
				"${PODS_ROOT}/Manifest.lock",
			);
			name = "[CP] Check Pods Manifest.lock";
			outputFileListPaths = (
			);
			outputPaths = (
				"$(DERIVED_FILE_DIR)/Pods-NewsApp-checkManifestLockResult.txt",
			);
			runOnlyForDeploymentPostprocessing = 0;
			shellPath = /bin/sh;
			shellScript = "diff \"${PODS_PODFILE_DIR_PATH}/Podfile.lock\" \"${PODS_ROOT}/Manifest.lock\" > /dev/null\nif [ $? != 0 ] ; then\n    # print error to STDERR\n    echo \"error: The sandbox is not in sync with the Podfile.lock. Run 'pod install' or update your CocoaPods installation.\" >&2\n    exit 1\nfi\n# This output is used by Xcode 'outputs' to avoid re-running this script phase.\necho \"SUCCESS\" > \"${SCRIPT_OUTPUT_FILE_0}\"\n";
			showEnvVarsInLog = 0;
		};
/* End PBXShellScriptBuildPhase section */

/* Begin PBXSourcesBuildPhase section */
		DE5794022410211C00341DFC /* Sources */ = {
			isa = PBXSourcesBuildPhase;
			buildActionMask = 2147483647;
			files = (
				DE57946D24108A8000341DFC /* DateConverter.swift in Sources */,
				DE57944424103B3900341DFC /* Article.swift in Sources */,
				DE579422241022A400341DFC /* Storyboards.swift in Sources */,
				DE579439241028D600341DFC /* BaseServiceError.swift in Sources */,
				DE57946524106C6300341DFC /* ArticleViewModel.swift in Sources */,
				DE5794492410411500341DFC /* AppStartupRoute.swift in Sources */,
				DE57942D2410267B00341DFC /* Endpointed.swift in Sources */,
				DE57942B2410264300341DFC /* BaseAPIService.swift in Sources */,
				DE57943D2410295700341DFC /* NewsAPIConstants.swift in Sources */,
				DE57940A2410211C00341DFC /* AppDelegate.swift in Sources */,
				DE57944624103B6700341DFC /* Source.swift in Sources */,
				DE57945C2410632D00341DFC /* ArticlesLocalService.swift in Sources */,
				DE57944D241043CC00341DFC /* BindableType.swift in Sources */,
				DE57945E2410694200341DFC /* ArticlesViewController.swift in Sources */,
				DE57945624104CEF00341DFC /* ArticlesWrapper.swift in Sources */,
				DE57945924105B0B00341DFC /* CoreDataManager.swift in Sources */,
				DE57942F241026A000341DFC /* Dictionary+Merge.swift in Sources */,
				DE5794142410211C00341DFC /* NewsApp.xcdatamodeld in Sources */,
				DE57943F24102ED200341DFC /* ArticlesRemoteService.swift in Sources */,
				DE5794412410307C00341DFC /* ArticlesRemoteServiceProtocol.swift in Sources */,
				DE579433241026F400341DFC /* HTTPMethod+HTTPSchema.swift in Sources */,
				DE579460241069A800341DFC /* ArticlesViewModelProtocols.swift in Sources */,
				DE57946B2410735300341DFC /* ArticlesRepository.swift in Sources */,
				DE5794522410464200341DFC /* ArticleCell.swift in Sources */,
				DE57944B2410417D00341DFC /* AppStartupCoordinator.swift in Sources */,
				DE5794672410723900341DFC /* ArticlesViewModel.swift in Sources */,
				DE5794372410277500341DFC /* Error+code.swift in Sources */,
				DE57946224106ABA00341DFC /* UIView+typeName.swift in Sources */,
			);
			runOnlyForDeploymentPostprocessing = 0;
		};
/* End PBXSourcesBuildPhase section */

/* Begin PBXVariantGroup section */
		DE57940F2410211C00341DFC /* Main.storyboard */ = {
			isa = PBXVariantGroup;
			children = (
				DE5794102410211C00341DFC /* Base */,
			);
			name = Main.storyboard;
			sourceTree = "<group>";
		};
		DE5794172410211E00341DFC /* LaunchScreen.storyboard */ = {
			isa = PBXVariantGroup;
			children = (
				DE5794182410211E00341DFC /* Base */,
			);
			name = LaunchScreen.storyboard;
			sourceTree = "<group>";
		};
/* End PBXVariantGroup section */

/* Begin XCBuildConfiguration section */
		DE57941B2410211E00341DFC /* Debug */ = {
			isa = XCBuildConfiguration;
			buildSettings = {
				ALWAYS_SEARCH_USER_PATHS = NO;
				CLANG_ANALYZER_NONNULL = YES;
				CLANG_ANALYZER_NUMBER_OBJECT_CONVERSION = YES_AGGRESSIVE;
				CLANG_CXX_LANGUAGE_STANDARD = "gnu++14";
				CLANG_CXX_LIBRARY = "libc++";
				CLANG_ENABLE_MODULES = YES;
				CLANG_ENABLE_OBJC_ARC = YES;
				CLANG_ENABLE_OBJC_WEAK = YES;
				CLANG_WARN_BLOCK_CAPTURE_AUTORELEASING = YES;
				CLANG_WARN_BOOL_CONVERSION = YES;
				CLANG_WARN_COMMA = YES;
				CLANG_WARN_CONSTANT_CONVERSION = YES;
				CLANG_WARN_DEPRECATED_OBJC_IMPLEMENTATIONS = YES;
				CLANG_WARN_DIRECT_OBJC_ISA_USAGE = YES_ERROR;
				CLANG_WARN_DOCUMENTATION_COMMENTS = YES;
				CLANG_WARN_EMPTY_BODY = YES;
				CLANG_WARN_ENUM_CONVERSION = YES;
				CLANG_WARN_INFINITE_RECURSION = YES;
				CLANG_WARN_INT_CONVERSION = YES;
				CLANG_WARN_NON_LITERAL_NULL_CONVERSION = YES;
				CLANG_WARN_OBJC_IMPLICIT_RETAIN_SELF = YES;
				CLANG_WARN_OBJC_LITERAL_CONVERSION = YES;
				CLANG_WARN_OBJC_ROOT_CLASS = YES_ERROR;
				CLANG_WARN_RANGE_LOOP_ANALYSIS = YES;
				CLANG_WARN_STRICT_PROTOTYPES = YES;
				CLANG_WARN_SUSPICIOUS_MOVE = YES;
				CLANG_WARN_UNGUARDED_AVAILABILITY = YES_AGGRESSIVE;
				CLANG_WARN_UNREACHABLE_CODE = YES;
				CLANG_WARN__DUPLICATE_METHOD_MATCH = YES;
				COPY_PHASE_STRIP = NO;
				DEBUG_INFORMATION_FORMAT = dwarf;
				ENABLE_STRICT_OBJC_MSGSEND = YES;
				ENABLE_TESTABILITY = YES;
				GCC_C_LANGUAGE_STANDARD = gnu11;
				GCC_DYNAMIC_NO_PIC = NO;
				GCC_NO_COMMON_BLOCKS = YES;
				GCC_OPTIMIZATION_LEVEL = 0;
				GCC_PREPROCESSOR_DEFINITIONS = (
					"DEBUG=1",
					"$(inherited)",
				);
				GCC_WARN_64_TO_32_BIT_CONVERSION = YES;
				GCC_WARN_ABOUT_RETURN_TYPE = YES_ERROR;
				GCC_WARN_UNDECLARED_SELECTOR = YES;
				GCC_WARN_UNINITIALIZED_AUTOS = YES_AGGRESSIVE;
				GCC_WARN_UNUSED_FUNCTION = YES;
				GCC_WARN_UNUSED_VARIABLE = YES;
				IPHONEOS_DEPLOYMENT_TARGET = 13.1;
				MTL_ENABLE_DEBUG_INFO = INCLUDE_SOURCE;
				MTL_FAST_MATH = YES;
				ONLY_ACTIVE_ARCH = YES;
				SDKROOT = iphoneos;
				SWIFT_ACTIVE_COMPILATION_CONDITIONS = DEBUG;
				SWIFT_OPTIMIZATION_LEVEL = "-Onone";
			};
			name = Debug;
		};
		DE57941C2410211E00341DFC /* Release */ = {
			isa = XCBuildConfiguration;
			buildSettings = {
				ALWAYS_SEARCH_USER_PATHS = NO;
				CLANG_ANALYZER_NONNULL = YES;
				CLANG_ANALYZER_NUMBER_OBJECT_CONVERSION = YES_AGGRESSIVE;
				CLANG_CXX_LANGUAGE_STANDARD = "gnu++14";
				CLANG_CXX_LIBRARY = "libc++";
				CLANG_ENABLE_MODULES = YES;
				CLANG_ENABLE_OBJC_ARC = YES;
				CLANG_ENABLE_OBJC_WEAK = YES;
				CLANG_WARN_BLOCK_CAPTURE_AUTORELEASING = YES;
				CLANG_WARN_BOOL_CONVERSION = YES;
				CLANG_WARN_COMMA = YES;
				CLANG_WARN_CONSTANT_CONVERSION = YES;
				CLANG_WARN_DEPRECATED_OBJC_IMPLEMENTATIONS = YES;
				CLANG_WARN_DIRECT_OBJC_ISA_USAGE = YES_ERROR;
				CLANG_WARN_DOCUMENTATION_COMMENTS = YES;
				CLANG_WARN_EMPTY_BODY = YES;
				CLANG_WARN_ENUM_CONVERSION = YES;
				CLANG_WARN_INFINITE_RECURSION = YES;
				CLANG_WARN_INT_CONVERSION = YES;
				CLANG_WARN_NON_LITERAL_NULL_CONVERSION = YES;
				CLANG_WARN_OBJC_IMPLICIT_RETAIN_SELF = YES;
				CLANG_WARN_OBJC_LITERAL_CONVERSION = YES;
				CLANG_WARN_OBJC_ROOT_CLASS = YES_ERROR;
				CLANG_WARN_RANGE_LOOP_ANALYSIS = YES;
				CLANG_WARN_STRICT_PROTOTYPES = YES;
				CLANG_WARN_SUSPICIOUS_MOVE = YES;
				CLANG_WARN_UNGUARDED_AVAILABILITY = YES_AGGRESSIVE;
				CLANG_WARN_UNREACHABLE_CODE = YES;
				CLANG_WARN__DUPLICATE_METHOD_MATCH = YES;
				COPY_PHASE_STRIP = NO;
				DEBUG_INFORMATION_FORMAT = "dwarf-with-dsym";
				ENABLE_NS_ASSERTIONS = NO;
				ENABLE_STRICT_OBJC_MSGSEND = YES;
				GCC_C_LANGUAGE_STANDARD = gnu11;
				GCC_NO_COMMON_BLOCKS = YES;
				GCC_WARN_64_TO_32_BIT_CONVERSION = YES;
				GCC_WARN_ABOUT_RETURN_TYPE = YES_ERROR;
				GCC_WARN_UNDECLARED_SELECTOR = YES;
				GCC_WARN_UNINITIALIZED_AUTOS = YES_AGGRESSIVE;
				GCC_WARN_UNUSED_FUNCTION = YES;
				GCC_WARN_UNUSED_VARIABLE = YES;
				IPHONEOS_DEPLOYMENT_TARGET = 13.1;
				MTL_ENABLE_DEBUG_INFO = NO;
				MTL_FAST_MATH = YES;
				SDKROOT = iphoneos;
				SWIFT_COMPILATION_MODE = wholemodule;
				SWIFT_OPTIMIZATION_LEVEL = "-O";
				VALIDATE_PRODUCT = YES;
			};
			name = Release;
		};
		DE57941E2410211E00341DFC /* Debug */ = {
			isa = XCBuildConfiguration;
			baseConfigurationReference = 5571343EB0124B3CBE54F879 /* Pods-NewsApp.debug.xcconfig */;
			buildSettings = {
				ASSETCATALOG_COMPILER_APPICON_NAME = AppIcon;
				CODE_SIGN_STYLE = Automatic;
				INFOPLIST_FILE = NewsApp/Info.plist;
				LD_RUNPATH_SEARCH_PATHS = (
					"$(inherited)",
					"@executable_path/Frameworks",
				);
				PRODUCT_BUNDLE_IDENTIFIER = com.madian.NewsApp;
				PRODUCT_NAME = "$(TARGET_NAME)";
				SWIFT_VERSION = 5.0;
				TARGETED_DEVICE_FAMILY = "1,2";
			};
			name = Debug;
		};
		DE57941F2410211E00341DFC /* Release */ = {
			isa = XCBuildConfiguration;
			baseConfigurationReference = 018B4D9C3CF43169BA7D430E /* Pods-NewsApp.release.xcconfig */;
			buildSettings = {
				ASSETCATALOG_COMPILER_APPICON_NAME = AppIcon;
				CODE_SIGN_STYLE = Automatic;
				INFOPLIST_FILE = NewsApp/Info.plist;
				LD_RUNPATH_SEARCH_PATHS = (
					"$(inherited)",
					"@executable_path/Frameworks",
				);
				PRODUCT_BUNDLE_IDENTIFIER = com.madian.NewsApp;
				PRODUCT_NAME = "$(TARGET_NAME)";
				SWIFT_VERSION = 5.0;
				TARGETED_DEVICE_FAMILY = "1,2";
			};
			name = Release;
		};
/* End XCBuildConfiguration section */

/* Begin XCConfigurationList section */
		DE5794012410211C00341DFC /* Build configuration list for PBXProject "NewsApp" */ = {
			isa = XCConfigurationList;
			buildConfigurations = (
				DE57941B2410211E00341DFC /* Debug */,
				DE57941C2410211E00341DFC /* Release */,
			);
			defaultConfigurationIsVisible = 0;
			defaultConfigurationName = Release;
		};
		DE57941D2410211E00341DFC /* Build configuration list for PBXNativeTarget "NewsApp" */ = {
			isa = XCConfigurationList;
			buildConfigurations = (
				DE57941E2410211E00341DFC /* Debug */,
				DE57941F2410211E00341DFC /* Release */,
			);
			defaultConfigurationIsVisible = 0;
			defaultConfigurationName = Release;
		};
/* End XCConfigurationList section */

/* Begin XCVersionGroup section */
		DE5794122410211C00341DFC /* NewsApp.xcdatamodeld */ = {
			isa = XCVersionGroup;
			children = (
				DE5794132410211C00341DFC /* NewsApp.xcdatamodel */,
			);
			currentVersion = DE5794132410211C00341DFC /* NewsApp.xcdatamodel */;
			path = NewsApp.xcdatamodeld;
			sourceTree = "<group>";
			versionGroupType = wrapper.xcdatamodel;
		};
/* End XCVersionGroup section */
	};
	rootObject = DE5793FE2410211C00341DFC /* Project object */;
}
